
Microsoft Visual Studio Solution File, Format Version 12.00
Project("{2150E333-8FDC-42A3-9474-1A3956D46DE8}") = "services", "services", "{9EB1EE65-62E6-4511-86C4-6365DDE0D8E3}"
EndProject
Project("{FAE04EC0-301F-11D3-BF4B-00C04F79EFBC}") = "Iac.Domain", "services\Iac.Domain\Iac.Domain.csproj", "{538F1EB3-04B2-4DE0-B270-1713BD21E31A}"
EndProject
Project("{FAE04EC0-301F-11D3-BF4B-00C04F79EFBC}") = "Iac.Api", "services\Iac.Api\Iac.Api.csproj", "{5BB455C7-65A4-4A88-B501-3333C6E0EFBF}"
EndProject
Project("{FAE04EC0-301F-11D3-BF4B-00C04F79EFBC}") = "Iac.Infrastructure", "services\Iac.Infrastructure\Iac.Infrastructure.csproj", "{AFB24828-B125-43DA-8F27-21CA65F7E787}"
EndProject
Project("{2150E333-8FDC-42A3-9474-1A3956D46DE8}") = "buildingblocks", "buildingblocks", "{D1CC2D28-5ACD-41C2-97C8-70DC822785D1}"
EndProject
Project("{2150E333-8FDC-42A3-9474-1A3956D46DE8}") = "EventBus", "EventBus", "{08BF2C84-00B5-4EAC-B72D-CE32D031AD06}"
EndProject
Project("{2150E333-8FDC-42A3-9474-1A3956D46DE8}") = "WebHostCustomization", "WebHostCustomization", "{6735C3B0-1121-4A1E-8C84-2FD6B290B947}"
EndProject
Project("{FAE04EC0-301F-11D3-BF4B-00C04F79EFBC}") = "EventBus", "buildingblocks\EventBus\EventBus\EventBus.csproj", "{5E6312D2-8E06-4A58-90EA-3FB908A6770F}"
EndProject
Project("{FAE04EC0-301F-11D3-BF4B-00C04F79EFBC}") = "EventBusRabbitMQ", "buildingblocks\EventBus\EventBusRabbitMQ\EventBusRabbitMQ.csproj", "{43CB0B54-2077-4F79-92FC-572DB30AD864}"
EndProject
Project("{FAE04EC0-301F-11D3-BF4B-00C04F79EFBC}") = "EventBusServiceBus", "buildingblocks\EventBus\EventBusServiceBus\EventBusServiceBus.csproj", "{488DE79F-DBE5-4DFD-807C-06D0A87ED322}"
EndProject
Project("{FAE04EC0-301F-11D3-BF4B-00C04F79EFBC}") = "IntegrationEventLogEF", "buildingblocks\EventBus\IntegrationEventLogEF\IntegrationEventLogEF.csproj", "{01DB9E16-8146-4129-B093-84D6CCC35D2B}"
EndProject
Project("{FAE04EC0-301F-11D3-BF4B-00C04F79EFBC}") = "WebHost.Customization", "buildingblocks\WebHostCustomization\WebHost.Customization\WebHost.Customization.csproj", "{B85EB915-7281-4894-8E0E-D648EAE6796A}"
EndProject
Global
	GlobalSection(SolutionConfigurationPlatforms) = preSolution
		Debug|Any CPU = Debug|Any CPU
		Release|Any CPU = Release|Any CPU
	EndGlobalSection
	GlobalSection(NestedProjects) = preSolution
		{538F1EB3-04B2-4DE0-B270-1713BD21E31A} = {9EB1EE65-62E6-4511-86C4-6365DDE0D8E3}
		{5BB455C7-65A4-4A88-B501-3333C6E0EFBF} = {9EB1EE65-62E6-4511-86C4-6365DDE0D8E3}
		{AFB24828-B125-43DA-8F27-21CA65F7E787} = {9EB1EE65-62E6-4511-86C4-6365DDE0D8E3}
		{08BF2C84-00B5-4EAC-B72D-CE32D031AD06} = {D1CC2D28-5ACD-41C2-97C8-70DC822785D1}
		{6735C3B0-1121-4A1E-8C84-2FD6B290B947} = {D1CC2D28-5ACD-41C2-97C8-70DC822785D1}
		{5E6312D2-8E06-4A58-90EA-3FB908A6770F} = {08BF2C84-00B5-4EAC-B72D-CE32D031AD06}
		{43CB0B54-2077-4F79-92FC-572DB30AD864} = {08BF2C84-00B5-4EAC-B72D-CE32D031AD06}
		{488DE79F-DBE5-4DFD-807C-06D0A87ED322} = {08BF2C84-00B5-4EAC-B72D-CE32D031AD06}
		{01DB9E16-8146-4129-B093-84D6CCC35D2B} = {08BF2C84-00B5-4EAC-B72D-CE32D031AD06}
		{B85EB915-7281-4894-8E0E-D648EAE6796A} = {6735C3B0-1121-4A1E-8C84-2FD6B290B947}
	EndGlobalSection
	GlobalSection(ProjectConfigurationPlatforms) = postSolution
		{538F1EB3-04B2-4DE0-B270-1713BD21E31A}.Debug|Any CPU.ActiveCfg = Debug|Any CPU
		{538F1EB3-04B2-4DE0-B270-1713BD21E31A}.Debug|Any CPU.Build.0 = Debug|Any CPU
		{538F1EB3-04B2-4DE0-B270-1713BD21E31A}.Release|Any CPU.ActiveCfg = Release|Any CPU
		{538F1EB3-04B2-4DE0-B270-1713BD21E31A}.Release|Any CPU.Build.0 = Release|Any CPU
		{5BB455C7-65A4-4A88-B501-3333C6E0EFBF}.Debug|Any CPU.ActiveCfg = Debug|Any CPU
		{5BB455C7-65A4-4A88-B501-3333C6E0EFBF}.Debug|Any CPU.Build.0 = Debug|Any CPU
		{5BB455C7-65A4-4A88-B501-3333C6E0EFBF}.Release|Any CPU.ActiveCfg = Release|Any CPU
		{5BB455C7-65A4-4A88-B501-3333C6E0EFBF}.Release|Any CPU.Build.0 = Release|Any CPU
		{AFB24828-B125-43DA-8F27-21CA65F7E787}.Debug|Any CPU.ActiveCfg = Debug|Any CPU
		{AFB24828-B125-43DA-8F27-21CA65F7E787}.Debug|Any CPU.Build.0 = Debug|Any CPU
		{AFB24828-B125-43DA-8F27-21CA65F7E787}.Release|Any CPU.ActiveCfg = Release|Any CPU
		{AFB24828-B125-43DA-8F27-21CA65F7E787}.Release|Any CPU.Build.0 = Release|Any CPU
		{5E6312D2-8E06-4A58-90EA-3FB908A6770F}.Debug|Any CPU.ActiveCfg = Debug|Any CPU
		{5E6312D2-8E06-4A58-90EA-3FB908A6770F}.Debug|Any CPU.Build.0 = Debug|Any CPU
		{5E6312D2-8E06-4A58-90EA-3FB908A6770F}.Release|Any CPU.ActiveCfg = Release|Any CPU
		{5E6312D2-8E06-4A58-90EA-3FB908A6770F}.Release|Any CPU.Build.0 = Release|Any CPU
		{43CB0B54-2077-4F79-92FC-572DB30AD864}.Debug|Any CPU.ActiveCfg = Debug|Any CPU
		{43CB0B54-2077-4F79-92FC-572DB30AD864}.Debug|Any CPU.Build.0 = Debug|Any CPU
		{43CB0B54-2077-4F79-92FC-572DB30AD864}.Release|Any CPU.ActiveCfg = Release|Any CPU
		{43CB0B54-2077-4F79-92FC-572DB30AD864}.Release|Any CPU.Build.0 = Release|Any CPU
		{488DE79F-DBE5-4DFD-807C-06D0A87ED322}.Debug|Any CPU.ActiveCfg = Debug|Any CPU
		{488DE79F-DBE5-4DFD-807C-06D0A87ED322}.Debug|Any CPU.Build.0 = Debug|Any CPU
		{488DE79F-DBE5-4DFD-807C-06D0A87ED322}.Release|Any CPU.ActiveCfg = Release|Any CPU
		{488DE79F-DBE5-4DFD-807C-06D0A87ED322}.Release|Any CPU.Build.0 = Release|Any CPU
		{01DB9E16-8146-4129-B093-84D6CCC35D2B}.Debug|Any CPU.ActiveCfg = Debug|Any CPU
		{01DB9E16-8146-4129-B093-84D6CCC35D2B}.Debug|Any CPU.Build.0 = Debug|Any CPU
		{01DB9E16-8146-4129-B093-84D6CCC35D2B}.Release|Any CPU.ActiveCfg = Release|Any CPU
		{01DB9E16-8146-4129-B093-84D6CCC35D2B}.Release|Any CPU.Build.0 = Release|Any CPU
		{B85EB915-7281-4894-8E0E-D648EAE6796A}.Debug|Any CPU.ActiveCfg = Debug|Any CPU
		{B85EB915-7281-4894-8E0E-D648EAE6796A}.Debug|Any CPU.Build.0 = Debug|Any CPU
		{B85EB915-7281-4894-8E0E-D648EAE6796A}.Release|Any CPU.ActiveCfg = Release|Any CPU
		{B85EB915-7281-4894-8E0E-D648EAE6796A}.Release|Any CPU.Build.0 = Release|Any CPU
	EndGlobalSection
EndGlobal
